
Microsoft Visual Studio Solution File, Format Version 12.00
# Visual Studio 15
VisualStudioVersion = 15.0.26730.16
MinimumVisualStudioVersion = 10.0.40219.1
Project("{FAE04EC0-301F-11D3-BF4B-00C04F79EFBC}") = "location", "location\location.csproj", "{8707A2D0-E524-4EF4-848E-AE2BBE600695}"
EndProject
Global
	GlobalSection(SolutionConfigurationPlatforms) = preSolution
		Debug|Any CPU = Debug|Any CPU
		Release|Any CPU = Release|Any CPU
	EndGlobalSection
	GlobalSection(ProjectConfigurationPlatforms) = postSolution
		{8707A2D0-E524-4EF4-848E-AE2BBE600695}.Debug|Any CPU.ActiveCfg = Debug|Any CPU
		{8707A2D0-E524-4EF4-848E-AE2BBE600695}.Debug|Any CPU.Build.0 = Debug|Any CPU
		{8707A2D0-E524-4EF4-848E-AE2BBE600695}.Release|Any CPU.ActiveCfg = Release|Any CPU
		{8707A2D0-E524-4EF4-848E-AE2BBE600695}.Release|Any CPU.Build.0 = Release|Any CPU
	EndGlobalSection
	GlobalSection(SolutionProperties) = preSolution
		HideSolutionNode = FALSE
	EndGlobalSection
	GlobalSection(ExtensibilityGlobals) = postSolution
		SolutionGuid = {418F6708-2C3B-4EC8-9203-0625205463B6}
	EndGlobalSection
EndGlobal
